// !$*UTF8*$!
{
	archiveVersion = 1;
	classes = {
	};
	objectVersion = 50;
	objects = {

/* Begin PBXBuildFile section */
		3243B65A2718A43A001D9E94 /* AppDelegate.swift in Sources */ = {isa = PBXBuildFile; fileRef = 3243B6592718A43A001D9E94 /* AppDelegate.swift */; };
		3243B65C2718A43A001D9E94 /* SceneDelegate.swift in Sources */ = {isa = PBXBuildFile; fileRef = 3243B65B2718A43A001D9E94 /* SceneDelegate.swift */; };
		3243B65E2718A43A001D9E94 /* ViewController.swift in Sources */ = {isa = PBXBuildFile; fileRef = 3243B65D2718A43A001D9E94 /* ViewController.swift */; };
		3243B6612718A43A001D9E94 /* Main.storyboard in Resources */ = {isa = PBXBuildFile; fileRef = 3243B65F2718A43A001D9E94 /* Main.storyboard */; };
		3243B6632718A43C001D9E94 /* Assets.xcassets in Resources */ = {isa = PBXBuildFile; fileRef = 3243B6622718A43C001D9E94 /* Assets.xcassets */; };
		3243B6662718A43C001D9E94 /* LaunchScreen.storyboard in Resources */ = {isa = PBXBuildFile; fileRef = 3243B6642718A43C001D9E94 /* LaunchScreen.storyboard */; };
		3243B66F2718A5E0001D9E94 /* BookDetailCell.swift in Sources */ = {isa = PBXBuildFile; fileRef = 3243B66E2718A5E0001D9E94 /* BookDetailCell.swift */; };
		3243B6732718A717001D9E94 /* APIWrapper.swift in Sources */ = {isa = PBXBuildFile; fileRef = 3243B6722718A717001D9E94 /* APIWrapper.swift */; };
		3243B6762718A77D001D9E94 /* Book.swift in Sources */ = {isa = PBXBuildFile; fileRef = 3243B6752718A77D001D9E94 /* Book.swift */; };
		3243B67E2718AD2C001D9E94 /* Utilities.swift in Sources */ = {isa = PBXBuildFile; fileRef = 3243B67D2718AD2C001D9E94 /* Utilities.swift */; };
		3243B6812718B537001D9E94 /* NewBookViewController.swift in Sources */ = {isa = PBXBuildFile; fileRef = 3243B6802718B537001D9E94 /* NewBookViewController.swift */; };
		3243B6852718BB61001D9E94 /* ModifyBookViewController.swift in Sources */ = {isa = PBXBuildFile; fileRef = 3243B6842718BB61001D9E94 /* ModifyBookViewController.swift */; };
		3243B6942718C203001D9E94 /* User.swift in Sources */ = {isa = PBXBuildFile; fileRef = 3243B6932718C203001D9E94 /* User.swift */; };
		32FEFF5C2719B64400DE3169 /* NewCourseViewController.swift in Sources */ = {isa = PBXBuildFile; fileRef = 32FEFF5B2719B64400DE3169 /* NewCourseViewController.swift */; };
/* End PBXBuildFile section */

/* Begin PBXFileReference section */
		3243B6562718A43A001D9E94 /* task_book.app */ = {isa = PBXFileReference; explicitFileType = wrapper.application; includeInIndex = 0; path = task_book.app; sourceTree = BUILT_PRODUCTS_DIR; };
		3243B6592718A43A001D9E94 /* AppDelegate.swift */ = {isa = PBXFileReference; lastKnownFileType = sourcecode.swift; path = AppDelegate.swift; sourceTree = "<group>"; };
		3243B65B2718A43A001D9E94 /* SceneDelegate.swift */ = {isa = PBXFileReference; lastKnownFileType = sourcecode.swift; path = SceneDelegate.swift; sourceTree = "<group>"; };
		3243B65D2718A43A001D9E94 /* ViewController.swift */ = {isa = PBXFileReference; lastKnownFileType = sourcecode.swift; path = ViewController.swift; sourceTree = "<group>"; };
		3243B6602718A43A001D9E94 /* Base */ = {isa = PBXFileReference; lastKnownFileType = file.storyboard; name = Base; path = Base.lproj/Main.storyboard; sourceTree = "<group>"; };
		3243B6622718A43C001D9E94 /* Assets.xcassets */ = {isa = PBXFileReference; lastKnownFileType = folder.assetcatalog; path = Assets.xcassets; sourceTree = "<group>"; };
		3243B6652718A43C001D9E94 /* Base */ = {isa = PBXFileReference; lastKnownFileType = file.storyboard; name = Base; path = Base.lproj/LaunchScreen.storyboard; sourceTree = "<group>"; };
		3243B6672718A43C001D9E94 /* Info.plist */ = {isa = PBXFileReference; lastKnownFileType = text.plist.xml; path = Info.plist; sourceTree = "<group>"; };
		3243B66E2718A5E0001D9E94 /* BookDetailCell.swift */ = {isa = PBXFileReference; lastKnownFileType = sourcecode.swift; path = BookDetailCell.swift; sourceTree = "<group>"; };
		3243B6722718A717001D9E94 /* APIWrapper.swift */ = {isa = PBXFileReference; fileEncoding = 4; lastKnownFileType = sourcecode.swift; path = APIWrapper.swift; sourceTree = "<group>"; };
		3243B6752718A77D001D9E94 /* Book.swift */ = {isa = PBXFileReference; lastKnownFileType = sourcecode.swift; path = Book.swift; sourceTree = "<group>"; };
		3243B67D2718AD2C001D9E94 /* Utilities.swift */ = {isa = PBXFileReference; fileEncoding = 4; lastKnownFileType = sourcecode.swift; path = Utilities.swift; sourceTree = "<group>"; };
		3243B6802718B537001D9E94 /* NewBookViewController.swift */ = {isa = PBXFileReference; lastKnownFileType = sourcecode.swift; path = NewBookViewController.swift; sourceTree = "<group>"; };
		3243B6842718BB61001D9E94 /* ModifyBookViewController.swift */ = {isa = PBXFileReference; lastKnownFileType = sourcecode.swift; path = ModifyBookViewController.swift; sourceTree = "<group>"; };
		3243B6932718C203001D9E94 /* User.swift */ = {isa = PBXFileReference; fileEncoding = 4; lastKnownFileType = sourcecode.swift; path = User.swift; sourceTree = "<group>"; };
		32FEFF5B2719B64400DE3169 /* NewCourseViewController.swift */ = {isa = PBXFileReference; fileEncoding = 4; lastKnownFileType = sourcecode.swift; path = NewCourseViewController.swift; sourceTree = "<group>"; };
/* End PBXFileReference section */

/* Begin PBXFrameworksBuildPhase section */
		3243B6532718A43A001D9E94 /* Frameworks */ = {
			isa = PBXFrameworksBuildPhase;
			buildActionMask = 2147483647;
			files = (
			);
			runOnlyForDeploymentPostprocessing = 0;
		};
/* End PBXFrameworksBuildPhase section */

/* Begin PBXGroup section */
		3243B64D2718A43A001D9E94 = {
			isa = PBXGroup;
			children = (
				3243B6582718A43A001D9E94 /* task_book */,
				3243B6572718A43A001D9E94 /* Products */,
			);
			sourceTree = "<group>";
		};
		3243B6572718A43A001D9E94 /* Products */ = {
			isa = PBXGroup;
			children = (
				3243B6562718A43A001D9E94 /* task_book.app */,
			);
			name = Products;
			sourceTree = "<group>";
		};
		3243B6582718A43A001D9E94 /* task_book */ = {
			isa = PBXGroup;
			children = (
				3243B6592718A43A001D9E94 /* AppDelegate.swift */,
				3243B65B2718A43A001D9E94 /* SceneDelegate.swift */,
				3243B6932718C203001D9E94 /* User.swift */,
				32FEFF5B2719B64400DE3169 /* NewCourseViewController.swift */,
				3243B6722718A717001D9E94 /* APIWrapper.swift */,
				3243B6752718A77D001D9E94 /* Book.swift */,
				3243B6842718BB61001D9E94 /* ModifyBookViewController.swift */,
				3243B67D2718AD2C001D9E94 /* Utilities.swift */,
				3243B65D2718A43A001D9E94 /* ViewController.swift */,
				3243B66E2718A5E0001D9E94 /* BookDetailCell.swift */,
				3243B6802718B537001D9E94 /* NewBookViewController.swift */,
				3243B65F2718A43A001D9E94 /* Main.storyboard */,
				3243B6622718A43C001D9E94 /* Assets.xcassets */,
				3243B6642718A43C001D9E94 /* LaunchScreen.storyboard */,
				3243B6672718A43C001D9E94 /* Info.plist */,
			);
			path = task_book;
			sourceTree = "<group>";
		};
/* End PBXGroup section */

/* Begin PBXNativeTarget section */
		3243B6552718A43A001D9E94 /* task_book */ = {
			isa = PBXNativeTarget;
			buildConfigurationList = 3243B66A2718A43C001D9E94 /* Build configuration list for PBXNativeTarget "task_book" */;
			buildPhases = (
				3243B6522718A43A001D9E94 /* Sources */,
				3243B6532718A43A001D9E94 /* Frameworks */,
				3243B6542718A43A001D9E94 /* Resources */,
			);
			buildRules = (
			);
			dependencies = (
			);
			name = task_book;
			productName = task_book;
			productReference = 3243B6562718A43A001D9E94 /* task_book.app */;
			productType = "com.apple.product-type.application";
		};
/* End PBXNativeTarget section */

/* Begin PBXProject section */
		3243B64E2718A43A001D9E94 /* Project object */ = {
			isa = PBXProject;
			attributes = {
				LastSwiftUpdateCheck = 1240;
				LastUpgradeCheck = 1240;
				TargetAttributes = {
					3243B6552718A43A001D9E94 = {
						CreatedOnToolsVersion = 12.4;
					};
				};
			};
			buildConfigurationList = 3243B6512718A43A001D9E94 /* Build configuration list for PBXProject "task_book" */;
			compatibilityVersion = "Xcode 9.3";
			developmentRegion = en;
			hasScannedForEncodings = 0;
			knownRegions = (
				en,
				Base,
			);
			mainGroup = 3243B64D2718A43A001D9E94;
			productRefGroup = 3243B6572718A43A001D9E94 /* Products */;
			projectDirPath = "";
			projectRoot = "";
			targets = (
				3243B6552718A43A001D9E94 /* task_book */,
			);
		};
/* End PBXProject section */

/* Begin PBXResourcesBuildPhase section */
		3243B6542718A43A001D9E94 /* Resources */ = {
			isa = PBXResourcesBuildPhase;
			buildActionMask = 2147483647;
			files = (
				3243B6662718A43C001D9E94 /* LaunchScreen.storyboard in Resources */,
				3243B6632718A43C001D9E94 /* Assets.xcassets in Resources */,
				3243B6612718A43A001D9E94 /* Main.storyboard in Resources */,
			);
			runOnlyForDeploymentPostprocessing = 0;
		};
/* End PBXResourcesBuildPhase section */

/* Begin PBXSourcesBuildPhase section */
		3243B6522718A43A001D9E94 /* Sources */ = {
			isa = PBXSourcesBuildPhase;
			buildActionMask = 2147483647;
			files = (
				3243B65E2718A43A001D9E94 /* ViewController.swift in Sources */,
				3243B6732718A717001D9E94 /* APIWrapper.swift in Sources */,
				3243B6812718B537001D9E94 /* NewBookViewController.swift in Sources */,
				3243B6852718BB61001D9E94 /* ModifyBookViewController.swift in Sources */,
				3243B67E2718AD2C001D9E94 /* Utilities.swift in Sources */,
				32FEFF5C2719B64400DE3169 /* NewCourseViewController.swift in Sources */,
				3243B6762718A77D001D9E94 /* Book.swift in Sources */,
				3243B66F2718A5E0001D9E94 /* BookDetailCell.swift in Sources */,
				3243B65A2718A43A001D9E94 /* AppDelegate.swift in Sources */,
				3243B65C2718A43A001D9E94 /* SceneDelegate.swift in Sources */,
				3243B6942718C203001D9E94 /* User.swift in Sources */,
			);
			runOnlyForDeploymentPostprocessing = 0;
		};
/* End PBXSourcesBuildPhase section */

/* Begin PBXVariantGroup section */
		3243B65F2718A43A001D9E94 /* Main.storyboard */ = {
			isa = PBXVariantGroup;
			children = (
				3243B6602718A43A001D9E94 /* Base */,
			);
			name = Main.storyboard;
			sourceTree = "<group>";
		};
		3243B6642718A43C001D9E94 /* LaunchScreen.storyboard */ = {
			isa = PBXVariantGroup;
			children = (
				3243B6652718A43C001D9E94 /* Base */,
			);
			name = LaunchScreen.storyboard;
			sourceTree = "<group>";
		};
/* End PBXVariantGroup section */

/* Begin XCBuildConfiguration section */
		3243B6682718A43C001D9E94 /* Debug */ = {
			isa = XCBuildConfiguration;
			buildSettings = {
				ALWAYS_SEARCH_USER_PATHS = NO;
				CLANG_ANALYZER_NONNULL = YES;
				CLANG_ANALYZER_NUMBER_OBJECT_CONVERSION = YES_AGGRESSIVE;
				CLANG_CXX_LANGUAGE_STANDARD = "gnu++14";
				CLANG_CXX_LIBRARY = "libc++";
				CLANG_ENABLE_MODULES = YES;
				CLANG_ENABLE_OBJC_ARC = YES;
				CLANG_ENABLE_OBJC_WEAK = YES;
				CLANG_WARN_BLOCK_CAPTURE_AUTORELEASING = YES;
				CLANG_WARN_BOOL_CONVERSION = YES;
				CLANG_WARN_COMMA = YES;
				CLANG_WARN_CONSTANT_CONVERSION = YES;
				CLANG_WARN_DEPRECATED_OBJC_IMPLEMENTATIONS = YES;
				CLANG_WARN_DIRECT_OBJC_ISA_USAGE = YES_ERROR;
				CLANG_WARN_DOCUMENTATION_COMMENTS = YES;
				CLANG_WARN_EMPTY_BODY = YES;
				CLANG_WARN_ENUM_CONVERSION = YES;
				CLANG_WARN_INFINITE_RECURSION = YES;
				CLANG_WARN_INT_CONVERSION = YES;
				CLANG_WARN_NON_LITERAL_NULL_CONVERSION = YES;
				CLANG_WARN_OBJC_IMPLICIT_RETAIN_SELF = YES;
				CLANG_WARN_OBJC_LITERAL_CONVERSION = YES;
				CLANG_WARN_OBJC_ROOT_CLASS = YES_ERROR;
				CLANG_WARN_QUOTED_INCLUDE_IN_FRAMEWORK_HEADER = YES;
				CLANG_WARN_RANGE_LOOP_ANALYSIS = YES;
				CLANG_WARN_STRICT_PROTOTYPES = YES;
				CLANG_WARN_SUSPICIOUS_MOVE = YES;
				CLANG_WARN_UNGUARDED_AVAILABILITY = YES_AGGRESSIVE;
				CLANG_WARN_UNREACHABLE_CODE = YES;
				CLANG_WARN__DUPLICATE_METHOD_MATCH = YES;
				COPY_PHASE_STRIP = NO;
				DEBUG_INFORMATION_FORMAT = dwarf;
				ENABLE_STRICT_OBJC_MSGSEND = YES;
				ENABLE_TESTABILITY = YES;
				GCC_C_LANGUAGE_STANDARD = gnu11;
				GCC_DYNAMIC_NO_PIC = NO;
				GCC_NO_COMMON_BLOCKS = YES;
				GCC_OPTIMIZATION_LEVEL = 0;
				GCC_PREPROCESSOR_DEFINITIONS = (
					"DEBUG=1",
					"$(inherited)",
				);
				GCC_WARN_64_TO_32_BIT_CONVERSION = YES;
				GCC_WARN_ABOUT_RETURN_TYPE = YES_ERROR;
				GCC_WARN_UNDECLARED_SELECTOR = YES;
				GCC_WARN_UNINITIALIZED_AUTOS = YES_AGGRESSIVE;
				GCC_WARN_UNUSED_FUNCTION = YES;
				GCC_WARN_UNUSED_VARIABLE = YES;
				IPHONEOS_DEPLOYMENT_TARGET = 14.4;
				MTL_ENABLE_DEBUG_INFO = INCLUDE_SOURCE;
				MTL_FAST_MATH = YES;
				ONLY_ACTIVE_ARCH = YES;
				SDKROOT = iphoneos;
				SWIFT_ACTIVE_COMPILATION_CONDITIONS = DEBUG;
				SWIFT_OPTIMIZATION_LEVEL = "-Onone";
			};
			name = Debug;
		};
		3243B6692718A43C001D9E94 /* Release */ = {
			isa = XCBuildConfiguration;
			buildSettings = {
				ALWAYS_SEARCH_USER_PATHS = NO;
				CLANG_ANALYZER_NONNULL = YES;
				CLANG_ANALYZER_NUMBER_OBJECT_CONVERSION = YES_AGGRESSIVE;
				CLANG_CXX_LANGUAGE_STANDARD = "gnu++14";
				CLANG_CXX_LIBRARY = "libc++";
				CLANG_ENABLE_MODULES = YES;
				CLANG_ENABLE_OBJC_ARC = YES;
				CLANG_ENABLE_OBJC_WEAK = YES;
				CLANG_WARN_BLOCK_CAPTURE_AUTORELEASING = YES;
				CLANG_WARN_BOOL_CONVERSION = YES;
				CLANG_WARN_COMMA = YES;
				CLANG_WARN_CONSTANT_CONVERSION = YES;
				CLANG_WARN_DEPRECATED_OBJC_IMPLEMENTATIONS = YES;
				CLANG_WARN_DIRECT_OBJC_ISA_USAGE = YES_ERROR;
				CLANG_WARN_DOCUMENTATION_COMMENTS = YES;
				CLANG_WARN_EMPTY_BODY = YES;
				CLANG_WARN_ENUM_CONVERSION = YES;
				CLANG_WARN_INFINITE_RECURSION = YES;
				CLANG_WARN_INT_CONVERSION = YES;
				CLANG_WARN_NON_LITERAL_NULL_CONVERSION = YES;
				CLANG_WARN_OBJC_IMPLICIT_RETAIN_SELF = YES;
				CLANG_WARN_OBJC_LITERAL_CONVERSION = YES;
				CLANG_WARN_OBJC_ROOT_CLASS = YES_ERROR;
				CLANG_WARN_QUOTED_INCLUDE_IN_FRAMEWORK_HEADER = YES;
				CLANG_WARN_RANGE_LOOP_ANALYSIS = YES;
				CLANG_WARN_STRICT_PROTOTYPES = YES;
				CLANG_WARN_SUSPICIOUS_MOVE = YES;
				CLANG_WARN_UNGUARDED_AVAILABILITY = YES_AGGRESSIVE;
				CLANG_WARN_UNREACHABLE_CODE = YES;
				CLANG_WARN__DUPLICATE_METHOD_MATCH = YES;
				COPY_PHASE_STRIP = NO;
				DEBUG_INFORMATION_FORMAT = "dwarf-with-dsym";
				ENABLE_NS_ASSERTIONS = NO;
				ENABLE_STRICT_OBJC_MSGSEND = YES;
				GCC_C_LANGUAGE_STANDARD = gnu11;
				GCC_NO_COMMON_BLOCKS = YES;
				GCC_WARN_64_TO_32_BIT_CONVERSION = YES;
				GCC_WARN_ABOUT_RETURN_TYPE = YES_ERROR;
				GCC_WARN_UNDECLARED_SELECTOR = YES;
				GCC_WARN_UNINITIALIZED_AUTOS = YES_AGGRESSIVE;
				GCC_WARN_UNUSED_FUNCTION = YES;
				GCC_WARN_UNUSED_VARIABLE = YES;
				IPHONEOS_DEPLOYMENT_TARGET = 14.4;
				MTL_ENABLE_DEBUG_INFO = NO;
				MTL_FAST_MATH = YES;
				SDKROOT = iphoneos;
				SWIFT_COMPILATION_MODE = wholemodule;
				SWIFT_OPTIMIZATION_LEVEL = "-O";
				VALIDATE_PRODUCT = YES;
			};
			name = Release;
		};
		3243B66B2718A43C001D9E94 /* Debug */ = {
			isa = XCBuildConfiguration;
			buildSettings = {
				ASSETCATALOG_COMPILER_APPICON_NAME = AppIcon;
				ASSETCATALOG_COMPILER_GLOBAL_ACCENT_COLOR_NAME = AccentColor;
				CODE_SIGN_STYLE = Automatic;
				DEVELOPMENT_TEAM = A74FC7XPB9;
				INFOPLIST_FILE = task_book/Info.plist;
				LD_RUNPATH_SEARCH_PATHS = (
					"$(inherited)",
					"@executable_path/Frameworks",
				);
				PRODUCT_BUNDLE_IDENTIFIER = "com.KAH-Services.task-book";
				PRODUCT_NAME = "$(TARGET_NAME)";
				SWIFT_VERSION = 5.0;
				TARGETED_DEVICE_FAMILY = "1,2";
			};
			name = Debug;
		};
		3243B66C2718A43C001D9E94 /* Release */ = {
			isa = XCBuildConfiguration;
			buildSettings = {
				ASSETCATALOG_COMPILER_APPICON_NAME = AppIcon;
				ASSETCATALOG_COMPILER_GLOBAL_ACCENT_COLOR_NAME = AccentColor;
				CODE_SIGN_STYLE = Automatic;
				DEVELOPMENT_TEAM = A74FC7XPB9;
				INFOPLIST_FILE = task_book/Info.plist;
				LD_RUNPATH_SEARCH_PATHS = (
					"$(inherited)",
					"@executable_path/Frameworks",
				);
				PRODUCT_BUNDLE_IDENTIFIER = "com.KAH-Services.task-book";
				PRODUCT_NAME = "$(TARGET_NAME)";
				SWIFT_VERSION = 5.0;
				TARGETED_DEVICE_FAMILY = "1,2";
			};
			name = Release;
		};
/* End XCBuildConfiguration section */

/* Begin XCConfigurationList section */
		3243B6512718A43A001D9E94 /* Build configuration list for PBXProject "task_book" */ = {
			isa = XCConfigurationList;
			buildConfigurations = (
				3243B6682718A43C001D9E94 /* Debug */,
				3243B6692718A43C001D9E94 /* Release */,
			);
			defaultConfigurationIsVisible = 0;
			defaultConfigurationName = Release;
		};
		3243B66A2718A43C001D9E94 /* Build configuration list for PBXNativeTarget "task_book" */ = {
			isa = XCConfigurationList;
			buildConfigurations = (
				3243B66B2718A43C001D9E94 /* Debug */,
				3243B66C2718A43C001D9E94 /* Release */,
			);
			defaultConfigurationIsVisible = 0;
			defaultConfigurationName = Release;
		};
/* End XCConfigurationList section */
	};
	rootObject = 3243B64E2718A43A001D9E94 /* Project object */;
}
